
Microsoft Visual Studio Solution File, Format Version 12.00
# Visual Studio 2013
VisualStudioVersion = 12.0.21005.1
MinimumVisualStudioVersion = 10.0.40219.1
Project("{8BC9CEB8-8B4A-11D0-8D11-00A0C91BC942}") = "DSA Project", "DSA Project\DSA Project.vcxproj", "{1EC6B7A8-0E3C-449E-A0F5-A3BB14A9A0CB}"
EndProject
Global
	GlobalSection(SolutionConfigurationPlatforms) = preSolution
		Debug|Win32 = Debug|Win32
		Release|Win32 = Release|Win32
	EndGlobalSection
	GlobalSection(ProjectConfigurationPlatforms) = postSolution
		{1EC6B7A8-0E3C-449E-A0F5-A3BB14A9A0CB}.Debug|Win32.ActiveCfg = Debug|Win32
		{1EC6B7A8-0E3C-449E-A0F5-A3BB14A9A0CB}.Debug|Win32.Build.0 = Debug|Win32
		{1EC6B7A8-0E3C-449E-A0F5-A3BB14A9A0CB}.Release|Win32.ActiveCfg = Release|Win32
		{1EC6B7A8-0E3C-449E-A0F5-A3BB14A9A0CB}.Release|Win32.Build.0 = Release|Win32
	EndGlobalSection
	GlobalSection(SolutionProperties) = preSolution
		HideSolutionNode = FALSE
	EndGlobalSection
EndGlobal
